
Microsoft Visual Studio Solution File, Format Version 12.00
# Visual Studio Version 16
VisualStudioVersion = 16.0.28803.452
MinimumVisualStudioVersion = 10.0.40219.1
Project("{FAE04EC0-301F-11D3-BF4B-00C04F79EFBC}") = "console", "console\console.csproj", "{AF8B4F3B-1307-436A-B7AF-0BA227F9DFB4}"
EndProject
Project("{FAE04EC0-301F-11D3-BF4B-00C04F79EFBC}") = "biblio", "biblio\biblio.csproj", "{A0D44572-26B3-4F34-ACF9-072BBC7F5075}"
EndProject
Project("{FAE04EC0-301F-11D3-BF4B-00C04F79EFBC}") = "ServiceTest", "ServiceTest\ServiceTest.csproj", "{2FA577D1-6FD7-4CEE-97E3-3C09B52BCEAD}"
EndProject
Project("{FAE04EC0-301F-11D3-BF4B-00C04F79EFBC}") = "Service", "Service\Service.csproj", "{95CC3C43-6AD9-4FAD-AA53-CF5F4C9A38D0}"
EndProject
Project("{FAE04EC0-301F-11D3-BF4B-00C04F79EFBC}") = "wpfNeadAJob", "wpfNeadAJob\wpfNeadAJob.csproj", "{3A91E904-8C42-429F-9C8D-CCE33E438BE0}"
EndProject
Project("{FAE04EC0-301F-11D3-BF4B-00C04F79EFBC}") = "WCFServiceNeedAJobREST", "WCFServiceNeedAJobREST\WCFServiceNeedAJobREST.csproj", "{845F4CD6-2791-4E0C-A6E0-5A7B2E6E38A3}"
EndProject
Project("{FAE04EC0-301F-11D3-BF4B-00C04F79EFBC}") = "ASPNETNeedAJob", "ASPNETNeedAJob\ASPNETNeedAJob.csproj", "{BB60E835-8A6F-4C5F-9E45-5B2F9FC1D91B}"
EndProject
Global
	GlobalSection(SolutionConfigurationPlatforms) = preSolution
		Debug|Any CPU = Debug|Any CPU
		Release|Any CPU = Release|Any CPU
	EndGlobalSection
	GlobalSection(ProjectConfigurationPlatforms) = postSolution
		{AF8B4F3B-1307-436A-B7AF-0BA227F9DFB4}.Debug|Any CPU.ActiveCfg = Debug|Any CPU
		{AF8B4F3B-1307-436A-B7AF-0BA227F9DFB4}.Debug|Any CPU.Build.0 = Debug|Any CPU
		{AF8B4F3B-1307-436A-B7AF-0BA227F9DFB4}.Release|Any CPU.ActiveCfg = Release|Any CPU
		{AF8B4F3B-1307-436A-B7AF-0BA227F9DFB4}.Release|Any CPU.Build.0 = Release|Any CPU
		{A0D44572-26B3-4F34-ACF9-072BBC7F5075}.Debug|Any CPU.ActiveCfg = Debug|Any CPU
		{A0D44572-26B3-4F34-ACF9-072BBC7F5075}.Debug|Any CPU.Build.0 = Debug|Any CPU
		{A0D44572-26B3-4F34-ACF9-072BBC7F5075}.Release|Any CPU.ActiveCfg = Release|Any CPU
		{A0D44572-26B3-4F34-ACF9-072BBC7F5075}.Release|Any CPU.Build.0 = Release|Any CPU
		{2FA577D1-6FD7-4CEE-97E3-3C09B52BCEAD}.Debug|Any CPU.ActiveCfg = Debug|Any CPU
		{2FA577D1-6FD7-4CEE-97E3-3C09B52BCEAD}.Debug|Any CPU.Build.0 = Debug|Any CPU
		{2FA577D1-6FD7-4CEE-97E3-3C09B52BCEAD}.Release|Any CPU.ActiveCfg = Release|Any CPU
		{2FA577D1-6FD7-4CEE-97E3-3C09B52BCEAD}.Release|Any CPU.Build.0 = Release|Any CPU
		{95CC3C43-6AD9-4FAD-AA53-CF5F4C9A38D0}.Debug|Any CPU.ActiveCfg = Debug|Any CPU
		{95CC3C43-6AD9-4FAD-AA53-CF5F4C9A38D0}.Debug|Any CPU.Build.0 = Debug|Any CPU
		{95CC3C43-6AD9-4FAD-AA53-CF5F4C9A38D0}.Release|Any CPU.ActiveCfg = Release|Any CPU
		{95CC3C43-6AD9-4FAD-AA53-CF5F4C9A38D0}.Release|Any CPU.Build.0 = Release|Any CPU
		{3A91E904-8C42-429F-9C8D-CCE33E438BE0}.Debug|Any CPU.ActiveCfg = Debug|Any CPU
		{3A91E904-8C42-429F-9C8D-CCE33E438BE0}.Debug|Any CPU.Build.0 = Debug|Any CPU
		{3A91E904-8C42-429F-9C8D-CCE33E438BE0}.Release|Any CPU.ActiveCfg = Release|Any CPU
		{3A91E904-8C42-429F-9C8D-CCE33E438BE0}.Release|Any CPU.Build.0 = Release|Any CPU
		{845F4CD6-2791-4E0C-A6E0-5A7B2E6E38A3}.Debug|Any CPU.ActiveCfg = Debug|Any CPU
		{845F4CD6-2791-4E0C-A6E0-5A7B2E6E38A3}.Debug|Any CPU.Build.0 = Debug|Any CPU
		{845F4CD6-2791-4E0C-A6E0-5A7B2E6E38A3}.Release|Any CPU.ActiveCfg = Release|Any CPU
		{845F4CD6-2791-4E0C-A6E0-5A7B2E6E38A3}.Release|Any CPU.Build.0 = Release|Any CPU
		{BB60E835-8A6F-4C5F-9E45-5B2F9FC1D91B}.Debug|Any CPU.ActiveCfg = Debug|Any CPU
		{BB60E835-8A6F-4C5F-9E45-5B2F9FC1D91B}.Debug|Any CPU.Build.0 = Debug|Any CPU
		{BB60E835-8A6F-4C5F-9E45-5B2F9FC1D91B}.Release|Any CPU.ActiveCfg = Release|Any CPU
		{BB60E835-8A6F-4C5F-9E45-5B2F9FC1D91B}.Release|Any CPU.Build.0 = Release|Any CPU
	EndGlobalSection
	GlobalSection(SolutionProperties) = preSolution
		HideSolutionNode = FALSE
	EndGlobalSection
	GlobalSection(ExtensibilityGlobals) = postSolution
		SolutionGuid = {A680841C-BFDB-4691-A68A-BC41A93582D4}
	EndGlobalSection
EndGlobal
